
Microsoft Visual Studio Solution File, Format Version 12.00
# Visual Studio Version 17
VisualStudioVersion = 17.2.32317.152
MinimumVisualStudioVersion = 10.0.40219.1
Project("{FAE04EC0-301F-11D3-BF4B-00C04F79EFBC}") = "LAIT", "LAIT\LAIT.csproj", "{3FFC826C-2E7F-4C30-96DB-5BF9E9480B25}"
EndProject
Global
	GlobalSection(SolutionConfigurationPlatforms) = preSolution
		Debug|Any CPU = Debug|Any CPU
		Release|Any CPU = Release|Any CPU
	EndGlobalSection
	GlobalSection(ProjectConfigurationPlatforms) = postSolution
		{3FFC826C-2E7F-4C30-96DB-5BF9E9480B25}.Debug|Any CPU.ActiveCfg = Debug|Any CPU
		{3FFC826C-2E7F-4C30-96DB-5BF9E9480B25}.Debug|Any CPU.Build.0 = Debug|Any CPU
		{3FFC826C-2E7F-4C30-96DB-5BF9E9480B25}.Release|Any CPU.ActiveCfg = Release|Any CPU
		{3FFC826C-2E7F-4C30-96DB-5BF9E9480B25}.Release|Any CPU.Build.0 = Release|Any CPU
	EndGlobalSection
	GlobalSection(SolutionProperties) = preSolution
		HideSolutionNode = FALSE
	EndGlobalSection
	GlobalSection(ExtensibilityGlobals) = postSolution
		SolutionGuid = {9B1482BD-82DB-4447-A9C9-C29F1A9F66B5}
	EndGlobalSection
EndGlobal
